
Microsoft Visual Studio Solution File, Format Version 12.00
# Visual Studio 15
VisualStudioVersion = 15.0.28307.757
MinimumVisualStudioVersion = 10.0.40219.1
Project("{9A19103F-16F7-4668-BE54-9A1E7A4F7556}") = "ToToRoBot_CrossPlatform", "ToToRoBot_CrossPlatform\ToToRoBot_CrossPlatform.csproj", "{5B31C03E-AF4C-48DF-B404-5E8423C41B34}"
EndProject
Global
	GlobalSection(SolutionConfigurationPlatforms) = preSolution
		Debug|Any CPU = Debug|Any CPU
		Release|Any CPU = Release|Any CPU
	EndGlobalSection
	GlobalSection(ProjectConfigurationPlatforms) = postSolution
		{5B31C03E-AF4C-48DF-B404-5E8423C41B34}.Debug|Any CPU.ActiveCfg = Debug|Any CPU
		{5B31C03E-AF4C-48DF-B404-5E8423C41B34}.Debug|Any CPU.Build.0 = Debug|Any CPU
		{5B31C03E-AF4C-48DF-B404-5E8423C41B34}.Release|Any CPU.ActiveCfg = Release|Any CPU
		{5B31C03E-AF4C-48DF-B404-5E8423C41B34}.Release|Any CPU.Build.0 = Release|Any CPU
	EndGlobalSection
	GlobalSection(SolutionProperties) = preSolution
		HideSolutionNode = FALSE
	EndGlobalSection
	GlobalSection(ExtensibilityGlobals) = postSolution
		SolutionGuid = {951A6939-5D89-48E0-A6F2-64767CABAA66}
	EndGlobalSection
EndGlobal
